
Microsoft Visual Studio Solution File, Format Version 12.00
# Visual Studio Version 17
VisualStudioVersion = 17.7.34024.191
MinimumVisualStudioVersion = 10.0.40219.1
Project("{2150E333-8FDC-42A3-9474-1A3956D46DE8}") = "Services", "Services", "{5795D8C8-8CA1-43B6-9870-B3D4E71B5EE4}"
EndProject
Project("{2150E333-8FDC-42A3-9474-1A3956D46DE8}") = "Catalog", "Catalog", "{CE7BA7EB-6D43-4912-97A6-FD8205903F16}"
EndProject
Project("{FAE04EC0-301F-11D3-BF4B-00C04F79EFBC}") = "Catalog.API", "Services\Catalog\Catalog.API\Catalog.API.csproj", "{9512EE18-13C1-40A5-8A5A-23AD83746244}"
EndProject
Global
	GlobalSection(SolutionConfigurationPlatforms) = preSolution
		Debug|Any CPU = Debug|Any CPU
		Release|Any CPU = Release|Any CPU
	EndGlobalSection
	GlobalSection(ProjectConfigurationPlatforms) = postSolution
		{9512EE18-13C1-40A5-8A5A-23AD83746244}.Debug|Any CPU.ActiveCfg = Debug|Any CPU
		{9512EE18-13C1-40A5-8A5A-23AD83746244}.Debug|Any CPU.Build.0 = Debug|Any CPU
		{9512EE18-13C1-40A5-8A5A-23AD83746244}.Release|Any CPU.ActiveCfg = Release|Any CPU
		{9512EE18-13C1-40A5-8A5A-23AD83746244}.Release|Any CPU.Build.0 = Release|Any CPU
	EndGlobalSection
	GlobalSection(SolutionProperties) = preSolution
		HideSolutionNode = FALSE
	EndGlobalSection
	GlobalSection(NestedProjects) = preSolution
		{CE7BA7EB-6D43-4912-97A6-FD8205903F16} = {5795D8C8-8CA1-43B6-9870-B3D4E71B5EE4}
		{9512EE18-13C1-40A5-8A5A-23AD83746244} = {CE7BA7EB-6D43-4912-97A6-FD8205903F16}
	EndGlobalSection
	GlobalSection(ExtensibilityGlobals) = postSolution
		SolutionGuid = {34794877-D7DD-4EAD-B5EA-6C31DCD1B505}
	EndGlobalSection
EndGlobal
